
Microsoft Visual Studio Solution File, Format Version 12.00
# Visual Studio Version 17
VisualStudioVersion = 17.7.34018.315
MinimumVisualStudioVersion = 10.0.40219.1
Project("{FAE04EC0-301F-11D3-BF4B-00C04F79EFBC}") = "CaféCozyApp", "CaféCozyApp\CaféCozyApp.csproj", "{C0F4A8DD-8276-4BF9-A850-410602353EC6}"
EndProject
Global
	GlobalSection(SolutionConfigurationPlatforms) = preSolution
		Debug|Any CPU = Debug|Any CPU
		Release|Any CPU = Release|Any CPU
	EndGlobalSection
	GlobalSection(ProjectConfigurationPlatforms) = postSolution
		{C0F4A8DD-8276-4BF9-A850-410602353EC6}.Debug|Any CPU.ActiveCfg = Debug|Any CPU
		{C0F4A8DD-8276-4BF9-A850-410602353EC6}.Debug|Any CPU.Build.0 = Debug|Any CPU
		{C0F4A8DD-8276-4BF9-A850-410602353EC6}.Release|Any CPU.ActiveCfg = Release|Any CPU
		{C0F4A8DD-8276-4BF9-A850-410602353EC6}.Release|Any CPU.Build.0 = Release|Any CPU
	EndGlobalSection
	GlobalSection(SolutionProperties) = preSolution
		HideSolutionNode = FALSE
	EndGlobalSection
	GlobalSection(ExtensibilityGlobals) = postSolution
		SolutionGuid = {5825E0BB-8A93-4F4A-AF54-9B65772BF030}
	EndGlobalSection
EndGlobal
